
Microsoft Visual Studio Solution File, Format Version 12.00
# Visual Studio Version 17
VisualStudioVersion = 17.6.33723.286
MinimumVisualStudioVersion = 10.0.40219.1
Project("{9A19103F-16F7-4668-BE54-9A1E7A4F7556}") = "TaskManagerDemo", "TaskManagerDemo\TaskManagerDemo.csproj", "{4BEF1293-CD06-472E-B808-95A0FAAF5658}"
EndProject
Global
	GlobalSection(SolutionConfigurationPlatforms) = preSolution
		Debug|Any CPU = Debug|Any CPU
		Release|Any CPU = Release|Any CPU
	EndGlobalSection
	GlobalSection(ProjectConfigurationPlatforms) = postSolution
		{4BEF1293-CD06-472E-B808-95A0FAAF5658}.Debug|Any CPU.ActiveCfg = Debug|Any CPU
		{4BEF1293-CD06-472E-B808-95A0FAAF5658}.Debug|Any CPU.Build.0 = Debug|Any CPU
		{4BEF1293-CD06-472E-B808-95A0FAAF5658}.Release|Any CPU.ActiveCfg = Release|Any CPU
		{4BEF1293-CD06-472E-B808-95A0FAAF5658}.Release|Any CPU.Build.0 = Release|Any CPU
	EndGlobalSection
	GlobalSection(SolutionProperties) = preSolution
		HideSolutionNode = FALSE
	EndGlobalSection
	GlobalSection(ExtensibilityGlobals) = postSolution
		SolutionGuid = {FDEAFEC7-4CC1-4799-AF04-70C0172C78EB}
	EndGlobalSection
EndGlobal
